
Microsoft Visual Studio Solution File, Format Version 12.00
# Visual Studio Version 16
VisualStudioVersion = 16.0.32228.343
MinimumVisualStudioVersion = 10.0.40219.1
Project("{FAE04EC0-301F-11D3-BF4B-00C04F79EFBC}") = "RegistryLib", "RegistryLib\RegistryLib.csproj", "{CCED09AC-DCF2-4DA0-86B7-D95E24A61F94}"
EndProject
Project("{FAE04EC0-301F-11D3-BF4B-00C04F79EFBC}") = "WndLib", "WndLib\WndLib.csproj", "{E3CD7C5A-A271-40FE-BE55-8FDB38B2A6AA}"
EndProject
Global
	GlobalSection(SolutionConfigurationPlatforms) = preSolution
		Debug|Any CPU = Debug|Any CPU
		Release|Any CPU = Release|Any CPU
	EndGlobalSection
	GlobalSection(ProjectConfigurationPlatforms) = postSolution
		{CCED09AC-DCF2-4DA0-86B7-D95E24A61F94}.Debug|Any CPU.ActiveCfg = Debug|Any CPU
		{CCED09AC-DCF2-4DA0-86B7-D95E24A61F94}.Debug|Any CPU.Build.0 = Debug|Any CPU
		{CCED09AC-DCF2-4DA0-86B7-D95E24A61F94}.Release|Any CPU.ActiveCfg = Release|Any CPU
		{CCED09AC-DCF2-4DA0-86B7-D95E24A61F94}.Release|Any CPU.Build.0 = Release|Any CPU
		{E3CD7C5A-A271-40FE-BE55-8FDB38B2A6AA}.Debug|Any CPU.ActiveCfg = Debug|Any CPU
		{E3CD7C5A-A271-40FE-BE55-8FDB38B2A6AA}.Debug|Any CPU.Build.0 = Debug|Any CPU
		{E3CD7C5A-A271-40FE-BE55-8FDB38B2A6AA}.Release|Any CPU.ActiveCfg = Release|Any CPU
		{E3CD7C5A-A271-40FE-BE55-8FDB38B2A6AA}.Release|Any CPU.Build.0 = Release|Any CPU
	EndGlobalSection
	GlobalSection(SolutionProperties) = preSolution
		HideSolutionNode = FALSE
	EndGlobalSection
	GlobalSection(ExtensibilityGlobals) = postSolution
		SolutionGuid = {ED832F4D-98FE-4928-BB28-F027B55AA0D7}
	EndGlobalSection
EndGlobal
